
Microsoft Visual Studio Solution File, Format Version 12.00
# Visual Studio 14
VisualStudioVersion = 14.0.23107.0
MinimumVisualStudioVersion = 10.0.40219.1
Project("{FAE04EC0-301F-11D3-BF4B-00C04F79EFBC}") = "Set.onAuth.Server", "Set.onAuth.Server\Set.onAuth.Server.csproj", "{351B0ACA-64CE-43E7-8208-E2447ED41F7F}"
EndProject
Project("{FAE04EC0-301F-11D3-BF4B-00C04F79EFBC}") = "Carcarah.OAuth2.Server", "Carcarah.OAuth2.Server\Carcarah.OAuth2.Server.csproj", "{968C771F-B65A-4FD5-8AB5-B39DC0F61FD2}"
EndProject
Project("{FAE04EC0-301F-11D3-BF4B-00C04F79EFBC}") = "Carcarah.OAuth2.Client", "Carcarah.OAuth2.Client\Carcarah.OAuth2.Client.csproj", "{3627E5E1-5484-4FC7-A886-B71DA4D41CE0}"
EndProject
Project("{FAE04EC0-301F-11D3-BF4B-00C04F79EFBC}") = "Client", "Client\Client.csproj", "{2EB7069F-EF94-4C20-8988-5C89D05E3B00}"
EndProject
Global
	GlobalSection(SolutionConfigurationPlatforms) = preSolution
		Debug|Any CPU = Debug|Any CPU
		Release|Any CPU = Release|Any CPU
	EndGlobalSection
	GlobalSection(ProjectConfigurationPlatforms) = postSolution
		{351B0ACA-64CE-43E7-8208-E2447ED41F7F}.Debug|Any CPU.ActiveCfg = Debug|Any CPU
		{351B0ACA-64CE-43E7-8208-E2447ED41F7F}.Debug|Any CPU.Build.0 = Debug|Any CPU
		{351B0ACA-64CE-43E7-8208-E2447ED41F7F}.Release|Any CPU.ActiveCfg = Release|Any CPU
		{351B0ACA-64CE-43E7-8208-E2447ED41F7F}.Release|Any CPU.Build.0 = Release|Any CPU
		{968C771F-B65A-4FD5-8AB5-B39DC0F61FD2}.Debug|Any CPU.ActiveCfg = Debug|Any CPU
		{968C771F-B65A-4FD5-8AB5-B39DC0F61FD2}.Debug|Any CPU.Build.0 = Debug|Any CPU
		{968C771F-B65A-4FD5-8AB5-B39DC0F61FD2}.Release|Any CPU.ActiveCfg = Release|Any CPU
		{968C771F-B65A-4FD5-8AB5-B39DC0F61FD2}.Release|Any CPU.Build.0 = Release|Any CPU
		{3627E5E1-5484-4FC7-A886-B71DA4D41CE0}.Debug|Any CPU.ActiveCfg = Debug|Any CPU
		{3627E5E1-5484-4FC7-A886-B71DA4D41CE0}.Debug|Any CPU.Build.0 = Debug|Any CPU
		{3627E5E1-5484-4FC7-A886-B71DA4D41CE0}.Release|Any CPU.ActiveCfg = Release|Any CPU
		{3627E5E1-5484-4FC7-A886-B71DA4D41CE0}.Release|Any CPU.Build.0 = Release|Any CPU
		{2EB7069F-EF94-4C20-8988-5C89D05E3B00}.Debug|Any CPU.ActiveCfg = Debug|Any CPU
		{2EB7069F-EF94-4C20-8988-5C89D05E3B00}.Debug|Any CPU.Build.0 = Debug|Any CPU
		{2EB7069F-EF94-4C20-8988-5C89D05E3B00}.Release|Any CPU.ActiveCfg = Release|Any CPU
		{2EB7069F-EF94-4C20-8988-5C89D05E3B00}.Release|Any CPU.Build.0 = Release|Any CPU
	EndGlobalSection
	GlobalSection(SolutionProperties) = preSolution
		HideSolutionNode = FALSE
	EndGlobalSection
EndGlobal
