
Microsoft Visual Studio Solution File, Format Version 12.00
# Visual Studio 14
VisualStudioVersion = 14.0.23107.0
MinimumVisualStudioVersion = 10.0.40219.1
Project("{FAE04EC0-301F-11D3-BF4B-00C04F79EFBC}") = "Set.onAuth.Server", "Set.onAuth.Server\Set.onAuth.Server.csproj", "{351B0ACA-64CE-43E7-8208-E2447ED41F7F}"
EndProject
Project("{FAE04EC0-301F-11D3-BF4B-00C04F79EFBC}") = "Carcarah.OnAuth", "Carcarah.OnAuth\Carcarah.OnAuth.csproj", "{87FEBF56-4FD1-442D-ABAC-8D1AA5F177FB}"
EndProject
Project("{FAE04EC0-301F-11D3-BF4B-00C04F79EFBC}") = "Carcarah.OnAuth.Tests", "Carcarah.OnAuth.Tests\Carcarah.OnAuth.Tests.csproj", "{F2A3EC0C-96A4-4E02-B3DE-AFB64B3BB8BE}"
EndProject
Global
	GlobalSection(SolutionConfigurationPlatforms) = preSolution
		Debug|Any CPU = Debug|Any CPU
		Release|Any CPU = Release|Any CPU
	EndGlobalSection
	GlobalSection(ProjectConfigurationPlatforms) = postSolution
		{351B0ACA-64CE-43E7-8208-E2447ED41F7F}.Debug|Any CPU.ActiveCfg = Debug|Any CPU
		{351B0ACA-64CE-43E7-8208-E2447ED41F7F}.Debug|Any CPU.Build.0 = Debug|Any CPU
		{351B0ACA-64CE-43E7-8208-E2447ED41F7F}.Release|Any CPU.ActiveCfg = Release|Any CPU
		{351B0ACA-64CE-43E7-8208-E2447ED41F7F}.Release|Any CPU.Build.0 = Release|Any CPU
		{87FEBF56-4FD1-442D-ABAC-8D1AA5F177FB}.Debug|Any CPU.ActiveCfg = Debug|Any CPU
		{87FEBF56-4FD1-442D-ABAC-8D1AA5F177FB}.Debug|Any CPU.Build.0 = Debug|Any CPU
		{87FEBF56-4FD1-442D-ABAC-8D1AA5F177FB}.Release|Any CPU.ActiveCfg = Release|Any CPU
		{87FEBF56-4FD1-442D-ABAC-8D1AA5F177FB}.Release|Any CPU.Build.0 = Release|Any CPU
		{F2A3EC0C-96A4-4E02-B3DE-AFB64B3BB8BE}.Debug|Any CPU.ActiveCfg = Debug|Any CPU
		{F2A3EC0C-96A4-4E02-B3DE-AFB64B3BB8BE}.Debug|Any CPU.Build.0 = Debug|Any CPU
		{F2A3EC0C-96A4-4E02-B3DE-AFB64B3BB8BE}.Release|Any CPU.ActiveCfg = Release|Any CPU
		{F2A3EC0C-96A4-4E02-B3DE-AFB64B3BB8BE}.Release|Any CPU.Build.0 = Release|Any CPU
	EndGlobalSection
	GlobalSection(SolutionProperties) = preSolution
		HideSolutionNode = FALSE
	EndGlobalSection
EndGlobal
